
Microsoft Visual Studio Solution File, Format Version 12.00
# Visual Studio 2013
VisualStudioVersion = 12.0.0.0
MinimumVisualStudioVersion = 10.0.0.1
Project("{FAE04EC0-301F-11D3-BF4B-00C04F79EFBC}") = "ConsoleApplication", "ConsoleApplication\ConsoleApplication.csproj", "{E54051FC-566E-465C-A9CD-D2097FFAFCEC}"
EndProject
Project("{FAE04EC0-301F-11D3-BF4B-00C04F79EFBC}") = "Polymorphism", "Polymorphism\Polymorphism.csproj", "{D039A7CE-4096-4D3D-90CB-804C623B69F1}"
EndProject
Project("{FAE04EC0-301F-11D3-BF4B-00C04F79EFBC}") = "Klasy", "Klasy\Klasy.csproj", "{5DDE43F2-285E-4EE6-81E4-A762D90BB5CB}"
EndProject
Global
	GlobalSection(SolutionConfigurationPlatforms) = preSolution
		Debug|Any CPU = Debug|Any CPU
		Release|Any CPU = Release|Any CPU
	EndGlobalSection
	GlobalSection(ProjectConfigurationPlatforms) = postSolution
		{E54051FC-566E-465C-A9CD-D2097FFAFCEC}.Debug|Any CPU.ActiveCfg = Debug|Any CPU
		{E54051FC-566E-465C-A9CD-D2097FFAFCEC}.Debug|Any CPU.Build.0 = Debug|Any CPU
		{E54051FC-566E-465C-A9CD-D2097FFAFCEC}.Release|Any CPU.ActiveCfg = Release|Any CPU
		{E54051FC-566E-465C-A9CD-D2097FFAFCEC}.Release|Any CPU.Build.0 = Release|Any CPU
		{D039A7CE-4096-4D3D-90CB-804C623B69F1}.Debug|Any CPU.ActiveCfg = Debug|Any CPU
		{D039A7CE-4096-4D3D-90CB-804C623B69F1}.Debug|Any CPU.Build.0 = Debug|Any CPU
		{D039A7CE-4096-4D3D-90CB-804C623B69F1}.Release|Any CPU.ActiveCfg = Release|Any CPU
		{D039A7CE-4096-4D3D-90CB-804C623B69F1}.Release|Any CPU.Build.0 = Release|Any CPU
		{5DDE43F2-285E-4EE6-81E4-A762D90BB5CB}.Debug|Any CPU.ActiveCfg = Debug|Any CPU
		{5DDE43F2-285E-4EE6-81E4-A762D90BB5CB}.Debug|Any CPU.Build.0 = Debug|Any CPU
		{5DDE43F2-285E-4EE6-81E4-A762D90BB5CB}.Release|Any CPU.ActiveCfg = Release|Any CPU
		{5DDE43F2-285E-4EE6-81E4-A762D90BB5CB}.Release|Any CPU.Build.0 = Release|Any CPU
	EndGlobalSection
	GlobalSection(SolutionProperties) = preSolution
		HideSolutionNode = FALSE
	EndGlobalSection
EndGlobal
